
Microsoft Visual Studio Solution File, Format Version 12.00
# Visual Studio Version 16
VisualStudioVersion = 16.0.31112.23
MinimumVisualStudioVersion = 10.0.40219.1
Project("{FAE04EC0-301F-11D3-BF4B-00C04F79EFBC}") = "Project3", "Project3\Project3.csproj", "{34471269-45B2-491D-8434-F935D6EF1513}"
EndProject
Global
	GlobalSection(SolutionConfigurationPlatforms) = preSolution
		Debug|Any CPU = Debug|Any CPU
		Release|Any CPU = Release|Any CPU
	EndGlobalSection
	GlobalSection(ProjectConfigurationPlatforms) = postSolution
		{34471269-45B2-491D-8434-F935D6EF1513}.Debug|Any CPU.ActiveCfg = Debug|Any CPU
		{34471269-45B2-491D-8434-F935D6EF1513}.Debug|Any CPU.Build.0 = Debug|Any CPU
		{34471269-45B2-491D-8434-F935D6EF1513}.Release|Any CPU.ActiveCfg = Release|Any CPU
		{34471269-45B2-491D-8434-F935D6EF1513}.Release|Any CPU.Build.0 = Release|Any CPU
	EndGlobalSection
	GlobalSection(SolutionProperties) = preSolution
		HideSolutionNode = FALSE
	EndGlobalSection
	GlobalSection(ExtensibilityGlobals) = postSolution
		SolutionGuid = {609FA633-51E8-4EBB-9DE1-104D3C3D5A15}
	EndGlobalSection
EndGlobal
