
Microsoft Visual Studio Solution File, Format Version 12.00
# Visual Studio Version 16
VisualStudioVersion = 16.0.31112.23
MinimumVisualStudioVersion = 10.0.40219.1
Project("{FAE04EC0-301F-11D3-BF4B-00C04F79EFBC}") = "Lecture4", "Lecture4\Lecture4.csproj", "{8BA301BC-BD7E-4230-BB36-9D1FEC72814E}"
EndProject
Global
	GlobalSection(SolutionConfigurationPlatforms) = preSolution
		Debug|Any CPU = Debug|Any CPU
		Release|Any CPU = Release|Any CPU
	EndGlobalSection
	GlobalSection(ProjectConfigurationPlatforms) = postSolution
		{8BA301BC-BD7E-4230-BB36-9D1FEC72814E}.Debug|Any CPU.ActiveCfg = Debug|Any CPU
		{8BA301BC-BD7E-4230-BB36-9D1FEC72814E}.Debug|Any CPU.Build.0 = Debug|Any CPU
		{8BA301BC-BD7E-4230-BB36-9D1FEC72814E}.Release|Any CPU.ActiveCfg = Release|Any CPU
		{8BA301BC-BD7E-4230-BB36-9D1FEC72814E}.Release|Any CPU.Build.0 = Release|Any CPU
	EndGlobalSection
	GlobalSection(SolutionProperties) = preSolution
		HideSolutionNode = FALSE
	EndGlobalSection
	GlobalSection(ExtensibilityGlobals) = postSolution
		SolutionGuid = {A35622A2-25E9-4D2E-A9B8-63D7577EA384}
	EndGlobalSection
EndGlobal
